
Microsoft Visual Studio Solution File, Format Version 12.00
Project("{2150E333-8FDC-42A3-9474-1A3956D46DE8}") = "src", "src", "{827E0CD3-B72D-47B6-A68D-7590B98EB39B}"
EndProject
Project("{2150E333-8FDC-42A3-9474-1A3956D46DE8}") = "Services", "Services", "{984BB9B3-3FA3-BE33-9484-CAC21695A33C}"
EndProject
Project("{2150E333-8FDC-42A3-9474-1A3956D46DE8}") = "Identity", "Identity", "{1BFC9479-12BF-35C3-06B8-42D89D95092B}"
EndProject
Project("{FAE04EC0-301F-11D3-BF4B-00C04F79EFBC}") = "Identity.API", "src\Services\Identity\Identity.API\Identity.API.csproj", "{D23C54B5-1545-4E9E-91F2-D5158E85E83B}"
EndProject
Project("{2150E333-8FDC-42A3-9474-1A3956D46DE8}") = "Order", "Order", "{B851199A-4979-E597-3D50-97AC5992BBAF}"
EndProject
Project("{FAE04EC0-301F-11D3-BF4B-00C04F79EFBC}") = "Order.API", "src\Services\Order\Order.API\Order.API.csproj", "{91727C3D-E934-4065-ADB2-93C4D0C58D02}"
EndProject
Project("{FAE04EC0-301F-11D3-BF4B-00C04F79EFBC}") = "Order.Application", "src\Services\Order\Order.Application\Order.Application.csproj", "{2F3F31F7-134D-47E8-A9FC-90713D48E830}"
EndProject
Project("{FAE04EC0-301F-11D3-BF4B-00C04F79EFBC}") = "Order.Domain", "src\Services\Order\Order.Domain\Order.Domain.csproj", "{2ED46C40-761E-41DF-8874-8B693BEC7B21}"
EndProject
Project("{FAE04EC0-301F-11D3-BF4B-00C04F79EFBC}") = "Order.Infrastructure", "src\Services\Order\Order.Infrastructure\Order.Infrastructure.csproj", "{A5BAF327-E128-4FC8-9234-9C4B56F03254}"
EndProject
Project("{2150E333-8FDC-42A3-9474-1A3956D46DE8}") = "Shared", "Shared", "{C8E42992-5E42-0C2B-DBFE-AA848D06431C}"
EndProject
Project("{FAE04EC0-301F-11D3-BF4B-00C04F79EFBC}") = "PulseDelivery.Shared", "src\Shared\PulseDelivery.Shared\PulseDelivery.Shared.csproj", "{E0C71333-6A81-4E33-9228-3358E566E9AF}"
EndProject
Project("{2150E333-8FDC-42A3-9474-1A3956D46DE8}") = "Catalog", "Catalog", "{C91C1CF1-1625-0789-F869-53D87D6277BA}"
EndProject
Project("{FAE04EC0-301F-11D3-BF4B-00C04F79EFBC}") = "Catalog.API", "src\Services\Catalog\Catalog.API\Catalog.API.csproj", "{873A7C1D-05A6-4403-A4B3-2EB026EC74FF}"
EndProject
Project("{2150E333-8FDC-42A3-9474-1A3956D46DE8}") = "Notification", "Notification", "{C5FBE174-8E0F-F5A3-B929-8BD0C55C0A32}"
EndProject
Project("{FAE04EC0-301F-11D3-BF4B-00C04F79EFBC}") = "Notification.API", "src\Services\Notification\Notification.API\Notification.API.csproj", "{ABB6D1FB-5C54-42CC-BF60-31005B779C2A}"
EndProject
Global
	GlobalSection(SolutionConfigurationPlatforms) = preSolution
		Debug|Any CPU = Debug|Any CPU
		Debug|x64 = Debug|x64
		Debug|x86 = Debug|x86
		Release|Any CPU = Release|Any CPU
		Release|x64 = Release|x64
		Release|x86 = Release|x86
	EndGlobalSection
	GlobalSection(ProjectConfigurationPlatforms) = postSolution
		{D23C54B5-1545-4E9E-91F2-D5158E85E83B}.Debug|Any CPU.ActiveCfg = Debug|Any CPU
		{D23C54B5-1545-4E9E-91F2-D5158E85E83B}.Debug|Any CPU.Build.0 = Debug|Any CPU
		{D23C54B5-1545-4E9E-91F2-D5158E85E83B}.Debug|x64.ActiveCfg = Debug|Any CPU
		{D23C54B5-1545-4E9E-91F2-D5158E85E83B}.Debug|x64.Build.0 = Debug|Any CPU
		{D23C54B5-1545-4E9E-91F2-D5158E85E83B}.Debug|x86.ActiveCfg = Debug|Any CPU
		{D23C54B5-1545-4E9E-91F2-D5158E85E83B}.Debug|x86.Build.0 = Debug|Any CPU
		{D23C54B5-1545-4E9E-91F2-D5158E85E83B}.Release|Any CPU.ActiveCfg = Release|Any CPU
		{D23C54B5-1545-4E9E-91F2-D5158E85E83B}.Release|Any CPU.Build.0 = Release|Any CPU
		{D23C54B5-1545-4E9E-91F2-D5158E85E83B}.Release|x64.ActiveCfg = Release|Any CPU
		{D23C54B5-1545-4E9E-91F2-D5158E85E83B}.Release|x64.Build.0 = Release|Any CPU
		{D23C54B5-1545-4E9E-91F2-D5158E85E83B}.Release|x86.ActiveCfg = Release|Any CPU
		{D23C54B5-1545-4E9E-91F2-D5158E85E83B}.Release|x86.Build.0 = Release|Any CPU
		{91727C3D-E934-4065-ADB2-93C4D0C58D02}.Debug|Any CPU.ActiveCfg = Debug|Any CPU
		{91727C3D-E934-4065-ADB2-93C4D0C58D02}.Debug|Any CPU.Build.0 = Debug|Any CPU
		{91727C3D-E934-4065-ADB2-93C4D0C58D02}.Debug|x64.ActiveCfg = Debug|Any CPU
		{91727C3D-E934-4065-ADB2-93C4D0C58D02}.Debug|x64.Build.0 = Debug|Any CPU
		{91727C3D-E934-4065-ADB2-93C4D0C58D02}.Debug|x86.ActiveCfg = Debug|Any CPU
		{91727C3D-E934-4065-ADB2-93C4D0C58D02}.Debug|x86.Build.0 = Debug|Any CPU
		{91727C3D-E934-4065-ADB2-93C4D0C58D02}.Release|Any CPU.ActiveCfg = Release|Any CPU
		{91727C3D-E934-4065-ADB2-93C4D0C58D02}.Release|Any CPU.Build.0 = Release|Any CPU
		{91727C3D-E934-4065-ADB2-93C4D0C58D02}.Release|x64.ActiveCfg = Release|Any CPU
		{91727C3D-E934-4065-ADB2-93C4D0C58D02}.Release|x64.Build.0 = Release|Any CPU
		{91727C3D-E934-4065-ADB2-93C4D0C58D02}.Release|x86.ActiveCfg = Release|Any CPU
		{91727C3D-E934-4065-ADB2-93C4D0C58D02}.Release|x86.Build.0 = Release|Any CPU
		{2F3F31F7-134D-47E8-A9FC-90713D48E830}.Debug|Any CPU.ActiveCfg = Debug|Any CPU
		{2F3F31F7-134D-47E8-A9FC-90713D48E830}.Debug|Any CPU.Build.0 = Debug|Any CPU
		{2F3F31F7-134D-47E8-A9FC-90713D48E830}.Debug|x64.ActiveCfg = Debug|Any CPU
		{2F3F31F7-134D-47E8-A9FC-90713D48E830}.Debug|x64.Build.0 = Debug|Any CPU
		{2F3F31F7-134D-47E8-A9FC-90713D48E830}.Debug|x86.ActiveCfg = Debug|Any CPU
		{2F3F31F7-134D-47E8-A9FC-90713D48E830}.Debug|x86.Build.0 = Debug|Any CPU
		{2F3F31F7-134D-47E8-A9FC-90713D48E830}.Release|Any CPU.ActiveCfg = Release|Any CPU
		{2F3F31F7-134D-47E8-A9FC-90713D48E830}.Release|Any CPU.Build.0 = Release|Any CPU
		{2F3F31F7-134D-47E8-A9FC-90713D48E830}.Release|x64.ActiveCfg = Release|Any CPU
		{2F3F31F7-134D-47E8-A9FC-90713D48E830}.Release|x64.Build.0 = Release|Any CPU
		{2F3F31F7-134D-47E8-A9FC-90713D48E830}.Release|x86.ActiveCfg = Release|Any CPU
		{2F3F31F7-134D-47E8-A9FC-90713D48E830}.Release|x86.Build.0 = Release|Any CPU
		{2ED46C40-761E-41DF-8874-8B693BEC7B21}.Debug|Any CPU.ActiveCfg = Debug|Any CPU
		{2ED46C40-761E-41DF-8874-8B693BEC7B21}.Debug|Any CPU.Build.0 = Debug|Any CPU
		{2ED46C40-761E-41DF-8874-8B693BEC7B21}.Debug|x64.ActiveCfg = Debug|Any CPU
		{2ED46C40-761E-41DF-8874-8B693BEC7B21}.Debug|x64.Build.0 = Debug|Any CPU
		{2ED46C40-761E-41DF-8874-8B693BEC7B21}.Debug|x86.ActiveCfg = Debug|Any CPU
		{2ED46C40-761E-41DF-8874-8B693BEC7B21}.Debug|x86.Build.0 = Debug|Any CPU
		{2ED46C40-761E-41DF-8874-8B693BEC7B21}.Release|Any CPU.ActiveCfg = Release|Any CPU
		{2ED46C40-761E-41DF-8874-8B693BEC7B21}.Release|Any CPU.Build.0 = Release|Any CPU
		{2ED46C40-761E-41DF-8874-8B693BEC7B21}.Release|x64.ActiveCfg = Release|Any CPU
		{2ED46C40-761E-41DF-8874-8B693BEC7B21}.Release|x64.Build.0 = Release|Any CPU
		{2ED46C40-761E-41DF-8874-8B693BEC7B21}.Release|x86.ActiveCfg = Release|Any CPU
		{2ED46C40-761E-41DF-8874-8B693BEC7B21}.Release|x86.Build.0 = Release|Any CPU
		{A5BAF327-E128-4FC8-9234-9C4B56F03254}.Debug|Any CPU.ActiveCfg = Debug|Any CPU
		{A5BAF327-E128-4FC8-9234-9C4B56F03254}.Debug|Any CPU.Build.0 = Debug|Any CPU
		{A5BAF327-E128-4FC8-9234-9C4B56F03254}.Debug|x64.ActiveCfg = Debug|Any CPU
		{A5BAF327-E128-4FC8-9234-9C4B56F03254}.Debug|x64.Build.0 = Debug|Any CPU
		{A5BAF327-E128-4FC8-9234-9C4B56F03254}.Debug|x86.ActiveCfg = Debug|Any CPU
		{A5BAF327-E128-4FC8-9234-9C4B56F03254}.Debug|x86.Build.0 = Debug|Any CPU
		{A5BAF327-E128-4FC8-9234-9C4B56F03254}.Release|Any CPU.ActiveCfg = Release|Any CPU
		{A5BAF327-E128-4FC8-9234-9C4B56F03254}.Release|Any CPU.Build.0 = Release|Any CPU
		{A5BAF327-E128-4FC8-9234-9C4B56F03254}.Release|x64.ActiveCfg = Release|Any CPU
		{A5BAF327-E128-4FC8-9234-9C4B56F03254}.Release|x64.Build.0 = Release|Any CPU
		{A5BAF327-E128-4FC8-9234-9C4B56F03254}.Release|x86.ActiveCfg = Release|Any CPU
		{A5BAF327-E128-4FC8-9234-9C4B56F03254}.Release|x86.Build.0 = Release|Any CPU
		{E0C71333-6A81-4E33-9228-3358E566E9AF}.Debug|Any CPU.ActiveCfg = Debug|Any CPU
		{E0C71333-6A81-4E33-9228-3358E566E9AF}.Debug|Any CPU.Build.0 = Debug|Any CPU
		{E0C71333-6A81-4E33-9228-3358E566E9AF}.Debug|x64.ActiveCfg = Debug|Any CPU
		{E0C71333-6A81-4E33-9228-3358E566E9AF}.Debug|x64.Build.0 = Debug|Any CPU
		{E0C71333-6A81-4E33-9228-3358E566E9AF}.Debug|x86.ActiveCfg = Debug|Any CPU
		{E0C71333-6A81-4E33-9228-3358E566E9AF}.Debug|x86.Build.0 = Debug|Any CPU
		{E0C71333-6A81-4E33-9228-3358E566E9AF}.Release|Any CPU.ActiveCfg = Release|Any CPU
		{E0C71333-6A81-4E33-9228-3358E566E9AF}.Release|Any CPU.Build.0 = Release|Any CPU
		{E0C71333-6A81-4E33-9228-3358E566E9AF}.Release|x64.ActiveCfg = Release|Any CPU
		{E0C71333-6A81-4E33-9228-3358E566E9AF}.Release|x64.Build.0 = Release|Any CPU
		{E0C71333-6A81-4E33-9228-3358E566E9AF}.Release|x86.ActiveCfg = Release|Any CPU
		{E0C71333-6A81-4E33-9228-3358E566E9AF}.Release|x86.Build.0 = Release|Any CPU
		{873A7C1D-05A6-4403-A4B3-2EB026EC74FF}.Debug|Any CPU.ActiveCfg = Debug|Any CPU
		{873A7C1D-05A6-4403-A4B3-2EB026EC74FF}.Debug|Any CPU.Build.0 = Debug|Any CPU
		{873A7C1D-05A6-4403-A4B3-2EB026EC74FF}.Debug|x64.ActiveCfg = Debug|Any CPU
		{873A7C1D-05A6-4403-A4B3-2EB026EC74FF}.Debug|x64.Build.0 = Debug|Any CPU
		{873A7C1D-05A6-4403-A4B3-2EB026EC74FF}.Debug|x86.ActiveCfg = Debug|Any CPU
		{873A7C1D-05A6-4403-A4B3-2EB026EC74FF}.Debug|x86.Build.0 = Debug|Any CPU
		{873A7C1D-05A6-4403-A4B3-2EB026EC74FF}.Release|Any CPU.ActiveCfg = Release|Any CPU
		{873A7C1D-05A6-4403-A4B3-2EB026EC74FF}.Release|Any CPU.Build.0 = Release|Any CPU
		{873A7C1D-05A6-4403-A4B3-2EB026EC74FF}.Release|x64.ActiveCfg = Release|Any CPU
		{873A7C1D-05A6-4403-A4B3-2EB026EC74FF}.Release|x64.Build.0 = Release|Any CPU
		{873A7C1D-05A6-4403-A4B3-2EB026EC74FF}.Release|x86.ActiveCfg = Release|Any CPU
		{873A7C1D-05A6-4403-A4B3-2EB026EC74FF}.Release|x86.Build.0 = Release|Any CPU
		{ABB6D1FB-5C54-42CC-BF60-31005B779C2A}.Debug|Any CPU.ActiveCfg = Debug|Any CPU
		{ABB6D1FB-5C54-42CC-BF60-31005B779C2A}.Debug|Any CPU.Build.0 = Debug|Any CPU
		{ABB6D1FB-5C54-42CC-BF60-31005B779C2A}.Debug|x64.ActiveCfg = Debug|Any CPU
		{ABB6D1FB-5C54-42CC-BF60-31005B779C2A}.Debug|x64.Build.0 = Debug|Any CPU
		{ABB6D1FB-5C54-42CC-BF60-31005B779C2A}.Debug|x86.ActiveCfg = Debug|Any CPU
		{ABB6D1FB-5C54-42CC-BF60-31005B779C2A}.Debug|x86.Build.0 = Debug|Any CPU
		{ABB6D1FB-5C54-42CC-BF60-31005B779C2A}.Release|Any CPU.ActiveCfg = Release|Any CPU
		{ABB6D1FB-5C54-42CC-BF60-31005B779C2A}.Release|Any CPU.Build.0 = Release|Any CPU
		{ABB6D1FB-5C54-42CC-BF60-31005B779C2A}.Release|x64.ActiveCfg = Release|Any CPU
		{ABB6D1FB-5C54-42CC-BF60-31005B779C2A}.Release|x64.Build.0 = Release|Any CPU
		{ABB6D1FB-5C54-42CC-BF60-31005B779C2A}.Release|x86.ActiveCfg = Release|Any CPU
		{ABB6D1FB-5C54-42CC-BF60-31005B779C2A}.Release|x86.Build.0 = Release|Any CPU
	EndGlobalSection
	GlobalSection(SolutionProperties) = preSolution
		HideSolutionNode = FALSE
	EndGlobalSection
	GlobalSection(NestedProjects) = preSolution
		{984BB9B3-3FA3-BE33-9484-CAC21695A33C} = {827E0CD3-B72D-47B6-A68D-7590B98EB39B}
		{1BFC9479-12BF-35C3-06B8-42D89D95092B} = {984BB9B3-3FA3-BE33-9484-CAC21695A33C}
		{D23C54B5-1545-4E9E-91F2-D5158E85E83B} = {1BFC9479-12BF-35C3-06B8-42D89D95092B}
		{B851199A-4979-E597-3D50-97AC5992BBAF} = {984BB9B3-3FA3-BE33-9484-CAC21695A33C}
		{91727C3D-E934-4065-ADB2-93C4D0C58D02} = {B851199A-4979-E597-3D50-97AC5992BBAF}
		{2F3F31F7-134D-47E8-A9FC-90713D48E830} = {B851199A-4979-E597-3D50-97AC5992BBAF}
		{2ED46C40-761E-41DF-8874-8B693BEC7B21} = {B851199A-4979-E597-3D50-97AC5992BBAF}
		{A5BAF327-E128-4FC8-9234-9C4B56F03254} = {B851199A-4979-E597-3D50-97AC5992BBAF}
		{C8E42992-5E42-0C2B-DBFE-AA848D06431C} = {827E0CD3-B72D-47B6-A68D-7590B98EB39B}
		{E0C71333-6A81-4E33-9228-3358E566E9AF} = {C8E42992-5E42-0C2B-DBFE-AA848D06431C}
		{C91C1CF1-1625-0789-F869-53D87D6277BA} = {984BB9B3-3FA3-BE33-9484-CAC21695A33C}
		{873A7C1D-05A6-4403-A4B3-2EB026EC74FF} = {C91C1CF1-1625-0789-F869-53D87D6277BA}
		{C5FBE174-8E0F-F5A3-B929-8BD0C55C0A32} = {984BB9B3-3FA3-BE33-9484-CAC21695A33C}
		{ABB6D1FB-5C54-42CC-BF60-31005B779C2A} = {C5FBE174-8E0F-F5A3-B929-8BD0C55C0A32}
	EndGlobalSection
EndGlobal
